
Microsoft Visual Studio Solution File, Format Version 12.00
# Visual Studio Version 17
VisualStudioVersion = 17.11.35327.3
MinimumVisualStudioVersion = 10.0.40219.1
Project("{FAE04EC0-301F-11D3-BF4B-00C04F79EFBC}") = "Fakultaet", "Fakultaet\Fakultaet.csproj", "{3A331F27-DEBC-409E-88E1-A1300F177961}"
EndProject
Global
	GlobalSection(SolutionConfigurationPlatforms) = preSolution
		Debug|Any CPU = Debug|Any CPU
		Release|Any CPU = Release|Any CPU
	EndGlobalSection
	GlobalSection(ProjectConfigurationPlatforms) = postSolution
		{3A331F27-DEBC-409E-88E1-A1300F177961}.Debug|Any CPU.ActiveCfg = Debug|Any CPU
		{3A331F27-DEBC-409E-88E1-A1300F177961}.Debug|Any CPU.Build.0 = Debug|Any CPU
		{3A331F27-DEBC-409E-88E1-A1300F177961}.Release|Any CPU.ActiveCfg = Release|Any CPU
		{3A331F27-DEBC-409E-88E1-A1300F177961}.Release|Any CPU.Build.0 = Release|Any CPU
	EndGlobalSection
	GlobalSection(SolutionProperties) = preSolution
		HideSolutionNode = FALSE
	EndGlobalSection
	GlobalSection(ExtensibilityGlobals) = postSolution
		SolutionGuid = {C8A5FD42-2622-44BD-AD8B-AF956ACF8740}
	EndGlobalSection
EndGlobal
